Microsoft Visual Studio Solution File, Format Version 12.00
# Visual Studio Version 17
VisualStudioVersion = 17.5.2.0
MinimumVisualStudioVersion = 10.0.40219.1
Project("{FAE04EC0-301F-11D3-BF4B-00C04F79EFBC}") = "MSFD_UserManagementAPI", "MSFD_UserManagementAPI.csproj", "{58A490D5-B9EC-AA20-A86E-AACC669D94EF}"
EndProject
Global
	GlobalSection(SolutionConfigurationPlatforms) = preSolution
		Debug|Any CPU = Debug|Any CPU
		Release|Any CPU = Release|Any CPU
	EndGlobalSection
	GlobalSection(ProjectConfigurationPlatforms) = postSolution
		{58A490D5-B9EC-AA20-A86E-AACC669D94EF}.Debug|Any CPU.ActiveCfg = Debug|Any CPU
		{58A490D5-B9EC-AA20-A86E-AACC669D94EF}.Debug|Any CPU.Build.0 = Debug|Any CPU
		{58A490D5-B9EC-AA20-A86E-AACC669D94EF}.Release|Any CPU.ActiveCfg = Release|Any CPU
		{58A490D5-B9EC-AA20-A86E-AACC669D94EF}.Release|Any CPU.Build.0 = Release|Any CPU
	EndGlobalSection
	GlobalSection(SolutionProperties) = preSolution
		HideSolutionNode = FALSE
	EndGlobalSection
	GlobalSection(ExtensibilityGlobals) = postSolution
		SolutionGuid = {F5D7EB10-2749-44C6-96B8-8B3F0399FA53}
	EndGlobalSection
EndGlobal
